
Microsoft Visual Studio Solution File, Format Version 12.00
# Visual Studio 14
VisualStudioVersion = 14.0.25420.1
MinimumVisualStudioVersion = 10.0.40219.1
Project("{FAE04EC0-301F-11D3-BF4B-00C04F79EFBC}") = "Interop", "Interop\Interop.csproj", "{B4C67E78-FA64-454A-89F8-8727E46338A7}"
EndProject
Project("{FAE04EC0-301F-11D3-BF4B-00C04F79EFBC}") = "ImageComparison", "ImageComparison\ImageComparison.csproj", "{8E8B9653-5841-43E4-9D88-C8C78D59EC9B}"
EndProject
Project("{FAE04EC0-301F-11D3-BF4B-00C04F79EFBC}") = "SW", "SW\SW.csproj", "{741ECC57-F45A-41B0-826C-A9D7725974DC}"
EndProject
Project("{FAE04EC0-301F-11D3-BF4B-00C04F79EFBC}") = "ImageComparisonTests", "ImageComparisonTests\ImageComparisonTests.csproj", "{3D0265E3-DD3B-4910-AD5E-5849A9FBC584}"
EndProject
Global
	GlobalSection(SolutionConfigurationPlatforms) = preSolution
		Debug|Any CPU = Debug|Any CPU
		Release|Any CPU = Release|Any CPU
	EndGlobalSection
	GlobalSection(ProjectConfigurationPlatforms) = postSolution
		{B4C67E78-FA64-454A-89F8-8727E46338A7}.Debug|Any CPU.ActiveCfg = Debug|Any CPU
		{B4C67E78-FA64-454A-89F8-8727E46338A7}.Debug|Any CPU.Build.0 = Debug|Any CPU
		{B4C67E78-FA64-454A-89F8-8727E46338A7}.Release|Any CPU.ActiveCfg = Release|Any CPU
		{B4C67E78-FA64-454A-89F8-8727E46338A7}.Release|Any CPU.Build.0 = Release|Any CPU
		{8E8B9653-5841-43E4-9D88-C8C78D59EC9B}.Debug|Any CPU.ActiveCfg = Debug|Any CPU
		{8E8B9653-5841-43E4-9D88-C8C78D59EC9B}.Debug|Any CPU.Build.0 = Debug|Any CPU
		{8E8B9653-5841-43E4-9D88-C8C78D59EC9B}.Release|Any CPU.ActiveCfg = Release|Any CPU
		{8E8B9653-5841-43E4-9D88-C8C78D59EC9B}.Release|Any CPU.Build.0 = Release|Any CPU
		{741ECC57-F45A-41B0-826C-A9D7725974DC}.Debug|Any CPU.ActiveCfg = Debug|Any CPU
		{741ECC57-F45A-41B0-826C-A9D7725974DC}.Debug|Any CPU.Build.0 = Debug|Any CPU
		{741ECC57-F45A-41B0-826C-A9D7725974DC}.Release|Any CPU.ActiveCfg = Release|Any CPU
		{741ECC57-F45A-41B0-826C-A9D7725974DC}.Release|Any CPU.Build.0 = Release|Any CPU
		{3D0265E3-DD3B-4910-AD5E-5849A9FBC584}.Debug|Any CPU.ActiveCfg = Debug|Any CPU
		{3D0265E3-DD3B-4910-AD5E-5849A9FBC584}.Debug|Any CPU.Build.0 = Debug|Any CPU
		{3D0265E3-DD3B-4910-AD5E-5849A9FBC584}.Release|Any CPU.ActiveCfg = Release|Any CPU
		{3D0265E3-DD3B-4910-AD5E-5849A9FBC584}.Release|Any CPU.Build.0 = Release|Any CPU
	EndGlobalSection
	GlobalSection(SolutionProperties) = preSolution
		HideSolutionNode = FALSE
	EndGlobalSection
EndGlobal
